
Microsoft Visual Studio Solution File, Format Version 12.00
# Visual Studio Version 17
VisualStudioVersion = 17.0.31903.59
MinimumVisualStudioVersion = 10.0.40219.1
Project("{FAE04EC0-301F-11D3-BF4B-00C04F79EFBC}") = "API", "API\API.csproj", "{197B448A-B559-4498-AD53-75DE771DD6ED}"
EndProject
Project("{FAE04EC0-301F-11D3-BF4B-00C04F79EFBC}") = "Application", "Application\Application.csproj", "{E097A947-35A8-4BF6-8E50-23D662EA8CF6}"
EndProject
Project("{FAE04EC0-301F-11D3-BF4B-00C04F79EFBC}") = "Domain", "Domain\Domain.csproj", "{DB229446-0512-44E4-8360-BA174865B53E}"
EndProject
Project("{FAE04EC0-301F-11D3-BF4B-00C04F79EFBC}") = "Persistence", "Persistence\Persistence.csproj", "{85EF4F75-20C2-4159-A6EB-387FBAD65C44}"
EndProject
Global
	GlobalSection(SolutionConfigurationPlatforms) = preSolution
		Debug|Any CPU = Debug|Any CPU
		Debug|x64 = Debug|x64
		Debug|x86 = Debug|x86
		Release|Any CPU = Release|Any CPU
		Release|x64 = Release|x64
		Release|x86 = Release|x86
	EndGlobalSection
	GlobalSection(ProjectConfigurationPlatforms) = postSolution
		{197B448A-B559-4498-AD53-75DE771DD6ED}.Debug|Any CPU.ActiveCfg = Debug|Any CPU
		{197B448A-B559-4498-AD53-75DE771DD6ED}.Debug|Any CPU.Build.0 = Debug|Any CPU
		{197B448A-B559-4498-AD53-75DE771DD6ED}.Debug|x64.ActiveCfg = Debug|Any CPU
		{197B448A-B559-4498-AD53-75DE771DD6ED}.Debug|x64.Build.0 = Debug|Any CPU
		{197B448A-B559-4498-AD53-75DE771DD6ED}.Debug|x86.ActiveCfg = Debug|Any CPU
		{197B448A-B559-4498-AD53-75DE771DD6ED}.Debug|x86.Build.0 = Debug|Any CPU
		{197B448A-B559-4498-AD53-75DE771DD6ED}.Release|Any CPU.ActiveCfg = Release|Any CPU
		{197B448A-B559-4498-AD53-75DE771DD6ED}.Release|Any CPU.Build.0 = Release|Any CPU
		{197B448A-B559-4498-AD53-75DE771DD6ED}.Release|x64.ActiveCfg = Release|Any CPU
		{197B448A-B559-4498-AD53-75DE771DD6ED}.Release|x64.Build.0 = Release|Any CPU
		{197B448A-B559-4498-AD53-75DE771DD6ED}.Release|x86.ActiveCfg = Release|Any CPU
		{197B448A-B559-4498-AD53-75DE771DD6ED}.Release|x86.Build.0 = Release|Any CPU
		{E097A947-35A8-4BF6-8E50-23D662EA8CF6}.Debug|Any CPU.ActiveCfg = Debug|Any CPU
		{E097A947-35A8-4BF6-8E50-23D662EA8CF6}.Debug|Any CPU.Build.0 = Debug|Any CPU
		{E097A947-35A8-4BF6-8E50-23D662EA8CF6}.Debug|x64.ActiveCfg = Debug|Any CPU
		{E097A947-35A8-4BF6-8E50-23D662EA8CF6}.Debug|x64.Build.0 = Debug|Any CPU
		{E097A947-35A8-4BF6-8E50-23D662EA8CF6}.Debug|x86.ActiveCfg = Debug|Any CPU
		{E097A947-35A8-4BF6-8E50-23D662EA8CF6}.Debug|x86.Build.0 = Debug|Any CPU
		{E097A947-35A8-4BF6-8E50-23D662EA8CF6}.Release|Any CPU.ActiveCfg = Release|Any CPU
		{E097A947-35A8-4BF6-8E50-23D662EA8CF6}.Release|Any CPU.Build.0 = Release|Any CPU
		{E097A947-35A8-4BF6-8E50-23D662EA8CF6}.Release|x64.ActiveCfg = Release|Any CPU
		{E097A947-35A8-4BF6-8E50-23D662EA8CF6}.Release|x64.Build.0 = Release|Any CPU
		{E097A947-35A8-4BF6-8E50-23D662EA8CF6}.Release|x86.ActiveCfg = Release|Any CPU
		{E097A947-35A8-4BF6-8E50-23D662EA8CF6}.Release|x86.Build.0 = Release|Any CPU
		{DB229446-0512-44E4-8360-BA174865B53E}.Debug|Any CPU.ActiveCfg = Debug|Any CPU
		{DB229446-0512-44E4-8360-BA174865B53E}.Debug|Any CPU.Build.0 = Debug|Any CPU
		{DB229446-0512-44E4-8360-BA174865B53E}.Debug|x64.ActiveCfg = Debug|Any CPU
		{DB229446-0512-44E4-8360-BA174865B53E}.Debug|x64.Build.0 = Debug|Any CPU
		{DB229446-0512-44E4-8360-BA174865B53E}.Debug|x86.ActiveCfg = Debug|Any CPU
		{DB229446-0512-44E4-8360-BA174865B53E}.Debug|x86.Build.0 = Debug|Any CPU
		{DB229446-0512-44E4-8360-BA174865B53E}.Release|Any CPU.ActiveCfg = Release|Any CPU
		{DB229446-0512-44E4-8360-BA174865B53E}.Release|Any CPU.Build.0 = Release|Any CPU
		{DB229446-0512-44E4-8360-BA174865B53E}.Release|x64.ActiveCfg = Release|Any CPU
		{DB229446-0512-44E4-8360-BA174865B53E}.Release|x64.Build.0 = Release|Any CPU
		{DB229446-0512-44E4-8360-BA174865B53E}.Release|x86.ActiveCfg = Release|Any CPU
		{DB229446-0512-44E4-8360-BA174865B53E}.Release|x86.Build.0 = Release|Any CPU
		{85EF4F75-20C2-4159-A6EB-387FBAD65C44}.Debug|Any CPU.ActiveCfg = Debug|Any CPU
		{85EF4F75-20C2-4159-A6EB-387FBAD65C44}.Debug|Any CPU.Build.0 = Debug|Any CPU
		{85EF4F75-20C2-4159-A6EB-387FBAD65C44}.Debug|x64.ActiveCfg = Debug|Any CPU
		{85EF4F75-20C2-4159-A6EB-387FBAD65C44}.Debug|x64.Build.0 = Debug|Any CPU
		{85EF4F75-20C2-4159-A6EB-387FBAD65C44}.Debug|x86.ActiveCfg = Debug|Any CPU
		{85EF4F75-20C2-4159-A6EB-387FBAD65C44}.Debug|x86.Build.0 = Debug|Any CPU
		{85EF4F75-20C2-4159-A6EB-387FBAD65C44}.Release|Any CPU.ActiveCfg = Release|Any CPU
		{85EF4F75-20C2-4159-A6EB-387FBAD65C44}.Release|Any CPU.Build.0 = Release|Any CPU
		{85EF4F75-20C2-4159-A6EB-387FBAD65C44}.Release|x64.ActiveCfg = Release|Any CPU
		{85EF4F75-20C2-4159-A6EB-387FBAD65C44}.Release|x64.Build.0 = Release|Any CPU
		{85EF4F75-20C2-4159-A6EB-387FBAD65C44}.Release|x86.ActiveCfg = Release|Any CPU
		{85EF4F75-20C2-4159-A6EB-387FBAD65C44}.Release|x86.Build.0 = Release|Any CPU
	EndGlobalSection
	GlobalSection(SolutionProperties) = preSolution
		HideSolutionNode = FALSE
	EndGlobalSection
EndGlobal
